// !$*UTF8*$!
{
	archiveVersion = 1;
	classes = {
	};
	objectVersion = 56;
	objects = {

/* Begin PBXBuildFile section */
		2702F25D2AD23C990080E099 /* Set+CoreDataClass.swift in Sources */ = {isa = PBXBuildFile; fileRef = 2702F2572AD23C990080E099 /* Set+CoreDataClass.swift */; };
		2702F25F2AD23C990080E099 /* Exercise+CoreDataClass.swift in Sources */ = {isa = PBXBuildFile; fileRef = 2702F2592AD23C990080E099 /* Exercise+CoreDataClass.swift */; };
		2702F2612AD23C990080E099 /* Workout+CoreDataClass.swift in Sources */ = {isa = PBXBuildFile; fileRef = 2702F25B2AD23C990080E099 /* Workout+CoreDataClass.swift */; };
		2702F2852AD23F5C0080E099 /* Set+CoreDataClass.swift in Sources */ = {isa = PBXBuildFile; fileRef = 2702F2832AD23F5C0080E099 /* Set+CoreDataClass.swift */; };
		27077BA52AAE49D90024F035 /* WorkoutTrackerApp.swift in Sources */ = {isa = PBXBuildFile; fileRef = 27077BA42AAE49D90024F035 /* WorkoutTrackerApp.swift */; };
		27077BA72AAE49D90024F035 /* ContentView.swift in Sources */ = {isa = PBXBuildFile; fileRef = 27077BA62AAE49D90024F035 /* ContentView.swift */; };
		27077BA92AAE49DA0024F035 /* Assets.xcassets in Resources */ = {isa = PBXBuildFile; fileRef = 27077BA82AAE49DA0024F035 /* Assets.xcassets */; };
		27077BAC2AAE49DA0024F035 /* Preview Assets.xcassets in Resources */ = {isa = PBXBuildFile; fileRef = 27077BAB2AAE49DA0024F035 /* Preview Assets.xcassets */; };
		27077BB12AAE49DA0024F035 /* WorkoutTracker.xcdatamodeld in Sources */ = {isa = PBXBuildFile; fileRef = 27077BAF2AAE49DA0024F035 /* WorkoutTracker.xcdatamodeld */; };
		27077BBC2AAE49DA0024F035 /* WorkoutTrackerTests.swift in Sources */ = {isa = PBXBuildFile; fileRef = 27077BBB2AAE49DA0024F035 /* WorkoutTrackerTests.swift */; };
		27077BC62AAE49DA0024F035 /* WorkoutTrackerUITests.swift in Sources */ = {isa = PBXBuildFile; fileRef = 27077BC52AAE49DA0024F035 /* WorkoutTrackerUITests.swift */; };
		27077BC82AAE49DA0024F035 /* WorkoutTrackerUITestsLaunchTests.swift in Sources */ = {isa = PBXBuildFile; fileRef = 27077BC72AAE49DA0024F035 /* WorkoutTrackerUITestsLaunchTests.swift */; };
/* End PBXBuildFile section */

/* Begin PBXContainerItemProxy section */
		27077BB82AAE49DA0024F035 /* PBXContainerItemProxy */ = {
			isa = PBXContainerItemProxy;
			containerPortal = 27077B992AAE49D90024F035 /* Project object */;
			proxyType = 1;
			remoteGlobalIDString = 27077BA02AAE49D90024F035;
			remoteInfo = WorkoutTracker;
		};
		27077BC22AAE49DA0024F035 /* PBXContainerItemProxy */ = {
			isa = PBXContainerItemProxy;
			containerPortal = 27077B992AAE49D90024F035 /* Project object */;
			proxyType = 1;
			remoteGlobalIDString = 27077BA02AAE49D90024F035;
			remoteInfo = WorkoutTracker;
		};
/* End PBXContainerItemProxy section */

/* Begin PBXFileReference section */
		2702F2572AD23C990080E099 /* Set+CoreDataClass.swift */ = {isa = PBXFileReference; lastKnownFileType = sourcecode.swift; name = "Set+CoreDataClass.swift"; path = "../../Set+CoreDataClass.swift"; sourceTree = "<group>"; };
		2702F2592AD23C990080E099 /* Exercise+CoreDataClass.swift */ = {isa = PBXFileReference; lastKnownFileType = sourcecode.swift; name = "Exercise+CoreDataClass.swift"; path = "../../Exercise+CoreDataClass.swift"; sourceTree = "<group>"; };
		2702F25B2AD23C990080E099 /* Workout+CoreDataClass.swift */ = {isa = PBXFileReference; lastKnownFileType = sourcecode.swift; name = "Workout+CoreDataClass.swift"; path = "../../Workout+CoreDataClass.swift"; sourceTree = "<group>"; };
		2702F2832AD23F5C0080E099 /* Set+CoreDataClass.swift */ = {isa = PBXFileReference; lastKnownFileType = sourcecode.swift; name = "Set+CoreDataClass.swift"; path = "../../Set+CoreDataClass.swift"; sourceTree = "<group>"; };
		27077BA12AAE49D90024F035 /* WorkoutTracker.app */ = {isa = PBXFileReference; explicitFileType = wrapper.application; includeInIndex = 0; path = WorkoutTracker.app; sourceTree = BUILT_PRODUCTS_DIR; };
		27077BA42AAE49D90024F035 /* WorkoutTrackerApp.swift */ = {isa = PBXFileReference; lastKnownFileType = sourcecode.swift; path = WorkoutTrackerApp.swift; sourceTree = "<group>"; };
		27077BA62AAE49D90024F035 /* ContentView.swift */ = {isa = PBXFileReference; lastKnownFileType = sourcecode.swift; path = ContentView.swift; sourceTree = "<group>"; };
		27077BA82AAE49DA0024F035 /* Assets.xcassets */ = {isa = PBXFileReference; lastKnownFileType = folder.assetcatalog; path = Assets.xcassets; sourceTree = "<group>"; };
		27077BAB2AAE49DA0024F035 /* Preview Assets.xcassets */ = {isa = PBXFileReference; lastKnownFileType = folder.assetcatalog; path = "Preview Assets.xcassets"; sourceTree = "<group>"; };
		27077BB02AAE49DA0024F035 /* WorkoutTracker.xcdatamodel */ = {isa = PBXFileReference; lastKnownFileType = wrapper.xcdatamodel; path = WorkoutTracker.xcdatamodel; sourceTree = "<group>"; };
		27077BB22AAE49DA0024F035 /* Info.plist */ = {isa = PBXFileReference; lastKnownFileType = text.plist.xml; path = Info.plist; sourceTree = "<group>"; };
		27077BB72AAE49DA0024F035 /* WorkoutTrackerTests.xctest */ = {isa = PBXFileReference; explicitFileType = wrapper.cfbundle; includeInIndex = 0; path = WorkoutTrackerTests.xctest; sourceTree = BUILT_PRODUCTS_DIR; };
		27077BBB2AAE49DA0024F035 /* WorkoutTrackerTests.swift */ = {isa = PBXFileReference; lastKnownFileType = sourcecode.swift; path = WorkoutTrackerTests.swift; sourceTree = "<group>"; };
		27077BC12AAE49DA0024F035 /* WorkoutTrackerUITests.xctest */ = {isa = PBXFileReference; explicitFileType = wrapper.cfbundle; includeInIndex = 0; path = WorkoutTrackerUITests.xctest; sourceTree = BUILT_PRODUCTS_DIR; };
		27077BC52AAE49DA0024F035 /* WorkoutTrackerUITests.swift */ = {isa = PBXFileReference; lastKnownFileType = sourcecode.swift; path = WorkoutTrackerUITests.swift; sourceTree = "<group>"; };
		27077BC72AAE49DA0024F035 /* WorkoutTrackerUITestsLaunchTests.swift */ = {isa = PBXFileReference; lastKnownFileType = sourcecode.swift; path = WorkoutTrackerUITestsLaunchTests.swift; sourceTree = "<group>"; };
/* End PBXFileReference section */

/* Begin PBXFrameworksBuildPhase section */
		27077B9E2AAE49D90024F035 /* Frameworks */ = {
			isa = PBXFrameworksBuildPhase;
			buildActionMask = 2147483647;
			files = (
			);
			runOnlyForDeploymentPostprocessing = 0;
		};
		27077BB42AAE49DA0024F035 /* Frameworks */ = {
			isa = PBXFrameworksBuildPhase;
			buildActionMask = 2147483647;
			files = (
			);
			runOnlyForDeploymentPostprocessing = 0;
		};
		27077BBE2AAE49DA0024F035 /* Frameworks */ = {
			isa = PBXFrameworksBuildPhase;
			buildActionMask = 2147483647;
			files = (
			);
			runOnlyForDeploymentPostprocessing = 0;
		};
/* End PBXFrameworksBuildPhase section */

/* Begin PBXGroup section */
		2702F2562AD23C390080E099 /* Models */ = {
			isa = PBXGroup;
			children = (
				2702F2572AD23C990080E099 /* Set+CoreDataClass.swift */,
				2702F2832AD23F5C0080E099 /* Set+CoreDataClass.swift */,
				2702F2592AD23C990080E099 /* Exercise+CoreDataClass.swift */,
				2702F25B2AD23C990080E099 /* Workout+CoreDataClass.swift */,
			);
			path = Models;
			sourceTree = "<group>";
		};
		27077B982AAE49D90024F035 = {
			isa = PBXGroup;
			children = (
				27077BA32AAE49D90024F035 /* WorkoutTracker */,
				27077BBA2AAE49DA0024F035 /* WorkoutTrackerTests */,
				27077BC42AAE49DA0024F035 /* WorkoutTrackerUITests */,
				27077BA22AAE49D90024F035 /* Products */,
			);
			sourceTree = "<group>";
		};
		27077BA22AAE49D90024F035 /* Products */ = {
			isa = PBXGroup;
			children = (
				27077BA12AAE49D90024F035 /* WorkoutTracker.app */,
				27077BB72AAE49DA0024F035 /* WorkoutTrackerTests.xctest */,
				27077BC12AAE49DA0024F035 /* WorkoutTrackerUITests.xctest */,
			);
			name = Products;
			sourceTree = "<group>";
		};
		27077BA32AAE49D90024F035 /* WorkoutTracker */ = {
			isa = PBXGroup;
			children = (
				2702F2562AD23C390080E099 /* Models */,
				27077BA42AAE49D90024F035 /* WorkoutTrackerApp.swift */,
				27077BA62AAE49D90024F035 /* ContentView.swift */,
				27077BA82AAE49DA0024F035 /* Assets.xcassets */,
				27077BB22AAE49DA0024F035 /* Info.plist */,
				27077BAF2AAE49DA0024F035 /* WorkoutTracker.xcdatamodeld */,
				27077BAA2AAE49DA0024F035 /* Preview Content */,
			);
			path = WorkoutTracker;
			sourceTree = "<group>";
		};
		27077BAA2AAE49DA0024F035 /* Preview Content */ = {
			isa = PBXGroup;
			children = (
				27077BAB2AAE49DA0024F035 /* Preview Assets.xcassets */,
			);
			path = "Preview Content";
			sourceTree = "<group>";
		};
		27077BBA2AAE49DA0024F035 /* WorkoutTrackerTests */ = {
			isa = PBXGroup;
			children = (
				27077BBB2AAE49DA0024F035 /* WorkoutTrackerTests.swift */,
			);
			path = WorkoutTrackerTests;
			sourceTree = "<group>";
		};
		27077BC42AAE49DA0024F035 /* WorkoutTrackerUITests */ = {
			isa = PBXGroup;
			children = (
				27077BC52AAE49DA0024F035 /* WorkoutTrackerUITests.swift */,
				27077BC72AAE49DA0024F035 /* WorkoutTrackerUITestsLaunchTests.swift */,
			);
			path = WorkoutTrackerUITests;
			sourceTree = "<group>";
		};
/* End PBXGroup section */

/* Begin PBXNativeTarget section */
		27077BA02AAE49D90024F035 /* WorkoutTracker */ = {
			isa = PBXNativeTarget;
			buildConfigurationList = 27077BCB2AAE49DA0024F035 /* Build configuration list for PBXNativeTarget "WorkoutTracker" */;
			buildPhases = (
				27077B9D2AAE49D90024F035 /* Sources */,
				27077B9E2AAE49D90024F035 /* Frameworks */,
				27077B9F2AAE49D90024F035 /* Resources */,
			);
			buildRules = (
			);
			dependencies = (
			);
			name = WorkoutTracker;
			productName = WorkoutTracker;
			productReference = 27077BA12AAE49D90024F035 /* WorkoutTracker.app */;
			productType = "com.apple.product-type.application";
		};
		27077BB62AAE49DA0024F035 /* WorkoutTrackerTests */ = {
			isa = PBXNativeTarget;
			buildConfigurationList = 27077BCE2AAE49DA0024F035 /* Build configuration list for PBXNativeTarget "WorkoutTrackerTests" */;
			buildPhases = (
				27077BB32AAE49DA0024F035 /* Sources */,
				27077BB42AAE49DA0024F035 /* Frameworks */,
				27077BB52AAE49DA0024F035 /* Resources */,
			);
			buildRules = (
			);
			dependencies = (
				27077BB92AAE49DA0024F035 /* PBXTargetDependency */,
			);
			name = WorkoutTrackerTests;
			productName = WorkoutTrackerTests;
			productReference = 27077BB72AAE49DA0024F035 /* WorkoutTrackerTests.xctest */;
			productType = "com.apple.product-type.bundle.unit-test";
		};
		27077BC02AAE49DA0024F035 /* WorkoutTrackerUITests */ = {
			isa = PBXNativeTarget;
			buildConfigurationList = 27077BD12AAE49DA0024F035 /* Build configuration list for PBXNativeTarget "WorkoutTrackerUITests" */;
			buildPhases = (
				27077BBD2AAE49DA0024F035 /* Sources */,
				27077BBE2AAE49DA0024F035 /* Frameworks */,
				27077BBF2AAE49DA0024F035 /* Resources */,
			);
			buildRules = (
			);
			dependencies = (
				27077BC32AAE49DA0024F035 /* PBXTargetDependency */,
			);
			name = WorkoutTrackerUITests;
			productName = WorkoutTrackerUITests;
			productReference = 27077BC12AAE49DA0024F035 /* WorkoutTrackerUITests.xctest */;
			productType = "com.apple.product-type.bundle.ui-testing";
		};
/* End PBXNativeTarget section */

/* Begin PBXProject section */
		27077B992AAE49D90024F035 /* Project object */ = {
			isa = PBXProject;
			attributes = {
				BuildIndependentTargetsInParallel = 1;
				LastSwiftUpdateCheck = 1430;
				LastUpgradeCheck = 1430;
				TargetAttributes = {
					27077BA02AAE49D90024F035 = {
						CreatedOnToolsVersion = 14.3.1;
					};
					27077BB62AAE49DA0024F035 = {
						CreatedOnToolsVersion = 14.3.1;
						TestTargetID = 27077BA02AAE49D90024F035;
					};
					27077BC02AAE49DA0024F035 = {
						CreatedOnToolsVersion = 14.3.1;
						TestTargetID = 27077BA02AAE49D90024F035;
					};
				};
			};
			buildConfigurationList = 27077B9C2AAE49D90024F035 /* Build configuration list for PBXProject "WorkoutTracker" */;
			compatibilityVersion = "Xcode 14.0";
			developmentRegion = en;
			hasScannedForEncodings = 0;
			knownRegions = (
				en,
				Base,
			);
			mainGroup = 27077B982AAE49D90024F035;
			productRefGroup = 27077BA22AAE49D90024F035 /* Products */;
			projectDirPath = "";
			projectRoot = "";
			targets = (
				27077BA02AAE49D90024F035 /* WorkoutTracker */,
				27077BB62AAE49DA0024F035 /* WorkoutTrackerTests */,
				27077BC02AAE49DA0024F035 /* WorkoutTrackerUITests */,
			);
		};
/* End PBXProject section */

/* Begin PBXResourcesBuildPhase section */
		27077B9F2AAE49D90024F035 /* Resources */ = {
			isa = PBXResourcesBuildPhase;
			buildActionMask = 2147483647;
			files = (
				27077BAC2AAE49DA0024F035 /* Preview Assets.xcassets in Resources */,
				27077BA92AAE49DA0024F035 /* Assets.xcassets in Resources */,
			);
			runOnlyForDeploymentPostprocessing = 0;
		};
		27077BB52AAE49DA0024F035 /* Resources */ = {
			isa = PBXResourcesBuildPhase;
			buildActionMask = 2147483647;
			files = (
			);
			runOnlyForDeploymentPostprocessing = 0;
		};
		27077BBF2AAE49DA0024F035 /* Resources */ = {
			isa = PBXResourcesBuildPhase;
			buildActionMask = 2147483647;
			files = (
			);
			runOnlyForDeploymentPostprocessing = 0;
		};
/* End PBXResourcesBuildPhase section */

/* Begin PBXSourcesBuildPhase section */
		27077B9D2AAE49D90024F035 /* Sources */ = {
			isa = PBXSourcesBuildPhase;
			buildActionMask = 2147483647;
			files = (
				2702F2612AD23C990080E099 /* Workout+CoreDataClass.swift in Sources */,
				2702F25D2AD23C990080E099 /* Set+CoreDataClass.swift in Sources */,
				27077BA72AAE49D90024F035 /* ContentView.swift in Sources */,
				2702F25F2AD23C990080E099 /* Exercise+CoreDataClass.swift in Sources */,
				2702F2852AD23F5C0080E099 /* Set+CoreDataClass.swift in Sources */,
				27077BB12AAE49DA0024F035 /* WorkoutTracker.xcdatamodeld in Sources */,
				27077BA52AAE49D90024F035 /* WorkoutTrackerApp.swift in Sources */,
			);
			runOnlyForDeploymentPostprocessing = 0;
		};
		27077BB32AAE49DA0024F035 /* Sources */ = {
			isa = PBXSourcesBuildPhase;
			buildActionMask = 2147483647;
			files = (
				27077BBC2AAE49DA0024F035 /* WorkoutTrackerTests.swift in Sources */,
			);
			runOnlyForDeploymentPostprocessing = 0;
		};
		27077BBD2AAE49DA0024F035 /* Sources */ = {
			isa = PBXSourcesBuildPhase;
			buildActionMask = 2147483647;
			files = (
				27077BC62AAE49DA0024F035 /* WorkoutTrackerUITests.swift in Sources */,
				27077BC82AAE49DA0024F035 /* WorkoutTrackerUITestsLaunchTests.swift in Sources */,
			);
			runOnlyForDeploymentPostprocessing = 0;
		};
/* End PBXSourcesBuildPhase section */

/* Begin PBXTargetDependency section */
		27077BB92AAE49DA0024F035 /* PBXTargetDependency */ = {
			isa = PBXTargetDependency;
			target = 27077BA02AAE49D90024F035 /* WorkoutTracker */;
			targetProxy = 27077BB82AAE49DA0024F035 /* PBXContainerItemProxy */;
		};
		27077BC32AAE49DA0024F035 /* PBXTargetDependency */ = {
			isa = PBXTargetDependency;
			target = 27077BA02AAE49D90024F035 /* WorkoutTracker */;
			targetProxy = 27077BC22AAE49DA0024F035 /* PBXContainerItemProxy */;
		};
/* End PBXTargetDependency section */

/* Begin XCBuildConfiguration section */
		27077BC92AAE49DA0024F035 /* Debug */ = {
			isa = XCBuildConfiguration;
			buildSettings = {
				ALWAYS_SEARCH_USER_PATHS = NO;
				CLANG_ANALYZER_NONNULL = YES;
				CLANG_ANALYZER_NUMBER_OBJECT_CONVERSION = YES_AGGRESSIVE;
				CLANG_CXX_LANGUAGE_STANDARD = "gnu++20";
				CLANG_ENABLE_MODULES = YES;
				CLANG_ENABLE_OBJC_ARC = YES;
				CLANG_ENABLE_OBJC_WEAK = YES;
				CLANG_WARN_BLOCK_CAPTURE_AUTORELEASING = YES;
				CLANG_WARN_BOOL_CONVERSION = YES;
				CLANG_WARN_COMMA = YES;
				CLANG_WARN_CONSTANT_CONVERSION = YES;
				CLANG_WARN_DEPRECATED_OBJC_IMPLEMENTATIONS = YES;
				CLANG_WARN_DIRECT_OBJC_ISA_USAGE = YES_ERROR;
				CLANG_WARN_DOCUMENTATION_COMMENTS = YES;
				CLANG_WARN_EMPTY_BODY = YES;
				CLANG_WARN_ENUM_CONVERSION = YES;
				CLANG_WARN_INFINITE_RECURSION = YES;
				CLANG_WARN_INT_CONVERSION = YES;
				CLANG_WARN_NON_LITERAL_NULL_CONVERSION = YES;
				CLANG_WARN_OBJC_IMPLICIT_RETAIN_SELF = YES;
				CLANG_WARN_OBJC_LITERAL_CONVERSION = YES;
				CLANG_WARN_OBJC_ROOT_CLASS = YES_ERROR;
				CLANG_WARN_QUOTED_INCLUDE_IN_FRAMEWORK_HEADER = YES;
				CLANG_WARN_RANGE_LOOP_ANALYSIS = YES;
				CLANG_WARN_STRICT_PROTOTYPES = YES;
				CLANG_WARN_SUSPICIOUS_MOVE = YES;
				CLANG_WARN_UNGUARDED_AVAILABILITY = YES_AGGRESSIVE;
				CLANG_WARN_UNREACHABLE_CODE = YES;
				CLANG_WARN__DUPLICATE_METHOD_MATCH = YES;
				COPY_PHASE_STRIP = NO;
				DEBUG_INFORMATION_FORMAT = dwarf;
				ENABLE_STRICT_OBJC_MSGSEND = YES;
				ENABLE_TESTABILITY = YES;
				GCC_C_LANGUAGE_STANDARD = gnu11;
				GCC_DYNAMIC_NO_PIC = NO;
				GCC_NO_COMMON_BLOCKS = YES;
				GCC_OPTIMIZATION_LEVEL = 0;
				GCC_PREPROCESSOR_DEFINITIONS = (
					"DEBUG=1",
					"$(inherited)",
				);
				GCC_WARN_64_TO_32_BIT_CONVERSION = YES;
				GCC_WARN_ABOUT_RETURN_TYPE = YES_ERROR;
				GCC_WARN_UNDECLARED_SELECTOR = YES;
				GCC_WARN_UNINITIALIZED_AUTOS = YES_AGGRESSIVE;
				GCC_WARN_UNUSED_FUNCTION = YES;
				GCC_WARN_UNUSED_VARIABLE = YES;
				IPHONEOS_DEPLOYMENT_TARGET = 16.4;
				MTL_ENABLE_DEBUG_INFO = INCLUDE_SOURCE;
				MTL_FAST_MATH = YES;
				ONLY_ACTIVE_ARCH = YES;
				SDKROOT = iphoneos;
				SWIFT_ACTIVE_COMPILATION_CONDITIONS = DEBUG;
				SWIFT_OPTIMIZATION_LEVEL = "-Onone";
			};
			name = Debug;
		};
		27077BCA2AAE49DA0024F035 /* Release */ = {
			isa = XCBuildConfiguration;
			buildSettings = {
				ALWAYS_SEARCH_USER_PATHS = NO;
				CLANG_ANALYZER_NONNULL = YES;
				CLANG_ANALYZER_NUMBER_OBJECT_CONVERSION = YES_AGGRESSIVE;
				CLANG_CXX_LANGUAGE_STANDARD = "gnu++20";
				CLANG_ENABLE_MODULES = YES;
				CLANG_ENABLE_OBJC_ARC = YES;
				CLANG_ENABLE_OBJC_WEAK = YES;
				CLANG_WARN_BLOCK_CAPTURE_AUTORELEASING = YES;
				CLANG_WARN_BOOL_CONVERSION = YES;
				CLANG_WARN_COMMA = YES;
				CLANG_WARN_CONSTANT_CONVERSION = YES;
				CLANG_WARN_DEPRECATED_OBJC_IMPLEMENTATIONS = YES;
				CLANG_WARN_DIRECT_OBJC_ISA_USAGE = YES_ERROR;
				CLANG_WARN_DOCUMENTATION_COMMENTS = YES;
				CLANG_WARN_EMPTY_BODY = YES;
				CLANG_WARN_ENUM_CONVERSION = YES;
				CLANG_WARN_INFINITE_RECURSION = YES;
				CLANG_WARN_INT_CONVERSION = YES;
				CLANG_WARN_NON_LITERAL_NULL_CONVERSION = YES;
				CLANG_WARN_OBJC_IMPLICIT_RETAIN_SELF = YES;
				CLANG_WARN_OBJC_LITERAL_CONVERSION = YES;
				CLANG_WARN_OBJC_ROOT_CLASS = YES_ERROR;
				CLANG_WARN_QUOTED_INCLUDE_IN_FRAMEWORK_HEADER = YES;
				CLANG_WARN_RANGE_LOOP_ANALYSIS = YES;
				CLANG_WARN_STRICT_PROTOTYPES = YES;
				CLANG_WARN_SUSPICIOUS_MOVE = YES;
				CLANG_WARN_UNGUARDED_AVAILABILITY = YES_AGGRESSIVE;
				CLANG_WARN_UNREACHABLE_CODE = YES;
				CLANG_WARN__DUPLICATE_METHOD_MATCH = YES;
				COPY_PHASE_STRIP = NO;
				DEBUG_INFORMATION_FORMAT = "dwarf-with-dsym";
				ENABLE_NS_ASSERTIONS = NO;
				ENABLE_STRICT_OBJC_MSGSEND = YES;
				GCC_C_LANGUAGE_STANDARD = gnu11;
				GCC_NO_COMMON_BLOCKS = YES;
				GCC_WARN_64_TO_32_BIT_CONVERSION = YES;
				GCC_WARN_ABOUT_RETURN_TYPE = YES_ERROR;
				GCC_WARN_UNDECLARED_SELECTOR = YES;
				GCC_WARN_UNINITIALIZED_AUTOS = YES_AGGRESSIVE;
				GCC_WARN_UNUSED_FUNCTION = YES;
				GCC_WARN_UNUSED_VARIABLE = YES;
				IPHONEOS_DEPLOYMENT_TARGET = 16.4;
				MTL_ENABLE_DEBUG_INFO = NO;
				MTL_FAST_MATH = YES;
				SDKROOT = iphoneos;
				SWIFT_COMPILATION_MODE = wholemodule;
				SWIFT_OPTIMIZATION_LEVEL = "-O";
				VALIDATE_PRODUCT = YES;
			};
			name = Release;
		};
		27077BCC2AAE49DA0024F035 /* Debug */ = {
			isa = XCBuildConfiguration;
			buildSettings = {
				ASSETCATALOG_COMPILER_APPICON_NAME = AppIcon;
				ASSETCATALOG_COMPILER_GLOBAL_ACCENT_COLOR_NAME = AccentColor;
				CODE_SIGN_STYLE = Automatic;
				CURRENT_PROJECT_VERSION = 1;
				DEVELOPMENT_ASSET_PATHS = "\"WorkoutTracker/Preview Content\"";
				DEVELOPMENT_TEAM = CZYTFZAZMX;
				ENABLE_PREVIEWS = YES;
				GENERATE_INFOPLIST_FILE = YES;
				INFOPLIST_KEY_UIApplicationSceneManifest_Generation = YES;
				INFOPLIST_KEY_UIApplicationSupportsIndirectInputEvents = YES;
				INFOPLIST_KEY_UILaunchScreen_Generation = YES;
				INFOPLIST_KEY_UISupportedInterfaceOrientations_iPad = "UIInterfaceOrientationPortrait UIInterfaceOrientationPortraitUpsideDown UIInterfaceOrientationLandscapeLeft UIInterfaceOrientationLandscapeRight";
				INFOPLIST_KEY_UISupportedInterfaceOrientations_iPhone = "UIInterfaceOrientationPortrait UIInterfaceOrientationLandscapeLeft UIInterfaceOrientationLandscapeRight";
				LD_RUNPATH_SEARCH_PATHS = (
					"$(inherited)",
					"@executable_path/Frameworks",
				);
				MARKETING_VERSION = 1.0;
				PRODUCT_BUNDLE_IDENTIFIER = com.madelainejones.WorkoutTracker;
				PRODUCT_NAME = "$(TARGET_NAME)";
				SWIFT_EMIT_LOC_STRINGS = YES;
				SWIFT_VERSION = 5.0;
				TARGETED_DEVICE_FAMILY = "1,2";
			};
			name = Debug;
		};
		27077BCD2AAE49DA0024F035 /* Release */ = {
			isa = XCBuildConfiguration;
			buildSettings = {
				ASSETCATALOG_COMPILER_APPICON_NAME = AppIcon;
				ASSETCATALOG_COMPILER_GLOBAL_ACCENT_COLOR_NAME = AccentColor;
				CODE_SIGN_STYLE = Automatic;
				CURRENT_PROJECT_VERSION = 1;
				DEVELOPMENT_ASSET_PATHS = "\"WorkoutTracker/Preview Content\"";
				DEVELOPMENT_TEAM = CZYTFZAZMX;
				ENABLE_PREVIEWS = YES;
				GENERATE_INFOPLIST_FILE = YES;
				INFOPLIST_KEY_UIApplicationSceneManifest_Generation = YES;
				INFOPLIST_KEY_UIApplicationSupportsIndirectInputEvents = YES;
				INFOPLIST_KEY_UILaunchScreen_Generation = YES;
				INFOPLIST_KEY_UISupportedInterfaceOrientations_iPad = "UIInterfaceOrientationPortrait UIInterfaceOrientationPortraitUpsideDown UIInterfaceOrientationLandscapeLeft UIInterfaceOrientationLandscapeRight";
				INFOPLIST_KEY_UISupportedInterfaceOrientations_iPhone = "UIInterfaceOrientationPortrait UIInterfaceOrientationLandscapeLeft UIInterfaceOrientationLandscapeRight";
				LD_RUNPATH_SEARCH_PATHS = (
					"$(inherited)",
					"@executable_path/Frameworks",
				);
				MARKETING_VERSION = 1.0;
				PRODUCT_BUNDLE_IDENTIFIER = com.madelainejones.WorkoutTracker;
				PRODUCT_NAME = "$(TARGET_NAME)";
				SWIFT_EMIT_LOC_STRINGS = YES;
				SWIFT_VERSION = 5.0;
				TARGETED_DEVICE_FAMILY = "1,2";
			};
			name = Release;
		};
		27077BCF2AAE49DA0024F035 /* Debug */ = {
			isa = XCBuildConfiguration;
			buildSettings = {
				ALWAYS_EMBED_SWIFT_STANDARD_LIBRARIES = YES;
				BUNDLE_LOADER = "$(TEST_HOST)";
				CODE_SIGN_STYLE = Automatic;
				CURRENT_PROJECT_VERSION = 1;
				DEVELOPMENT_TEAM = CZYTFZAZMX;
				GENERATE_INFOPLIST_FILE = YES;
				IPHONEOS_DEPLOYMENT_TARGET = 16.4;
				MARKETING_VERSION = 1.0;
				PRODUCT_BUNDLE_IDENTIFIER = com.madelainejones.WorkoutTrackerTests;
				PRODUCT_NAME = "$(TARGET_NAME)";
				SWIFT_EMIT_LOC_STRINGS = NO;
				SWIFT_VERSION = 5.0;
				TARGETED_DEVICE_FAMILY = "1,2";
				TEST_HOST = "$(BUILT_PRODUCTS_DIR)/WorkoutTracker.app/$(BUNDLE_EXECUTABLE_FOLDER_PATH)/WorkoutTracker";
			};
			name = Debug;
		};
		27077BD02AAE49DA0024F035 /* Release */ = {
			isa = XCBuildConfiguration;
			buildSettings = {
				ALWAYS_EMBED_SWIFT_STANDARD_LIBRARIES = YES;
				BUNDLE_LOADER = "$(TEST_HOST)";
				CODE_SIGN_STYLE = Automatic;
				CURRENT_PROJECT_VERSION = 1;
				DEVELOPMENT_TEAM = CZYTFZAZMX;
				GENERATE_INFOPLIST_FILE = YES;
				IPHONEOS_DEPLOYMENT_TARGET = 16.4;
				MARKETING_VERSION = 1.0;
				PRODUCT_BUNDLE_IDENTIFIER = com.madelainejones.WorkoutTrackerTests;
				PRODUCT_NAME = "$(TARGET_NAME)";
				SWIFT_EMIT_LOC_STRINGS = NO;
				SWIFT_VERSION = 5.0;
				TARGETED_DEVICE_FAMILY = "1,2";
				TEST_HOST = "$(BUILT_PRODUCTS_DIR)/WorkoutTracker.app/$(BUNDLE_EXECUTABLE_FOLDER_PATH)/WorkoutTracker";
			};
			name = Release;
		};
		27077BD22AAE49DA0024F035 /* Debug */ = {
			isa = XCBuildConfiguration;
			buildSettings = {
				ALWAYS_EMBED_SWIFT_STANDARD_LIBRARIES = YES;
				CODE_SIGN_STYLE = Automatic;
				CURRENT_PROJECT_VERSION = 1;
				DEVELOPMENT_TEAM = CZYTFZAZMX;
				GENERATE_INFOPLIST_FILE = YES;
				MARKETING_VERSION = 1.0;
				PRODUCT_BUNDLE_IDENTIFIER = com.madelainejones.WorkoutTrackerUITests;
				PRODUCT_NAME = "$(TARGET_NAME)";
				SWIFT_EMIT_LOC_STRINGS = NO;
				SWIFT_VERSION = 5.0;
				TARGETED_DEVICE_FAMILY = "1,2";
				TEST_TARGET_NAME = WorkoutTracker;
			};
			name = Debug;
		};
		27077BD32AAE49DA0024F035 /* Release */ = {
			isa = XCBuildConfiguration;
			buildSettings = {
				ALWAYS_EMBED_SWIFT_STANDARD_LIBRARIES = YES;
				CODE_SIGN_STYLE = Automatic;
				CURRENT_PROJECT_VERSION = 1;
				DEVELOPMENT_TEAM = CZYTFZAZMX;
				GENERATE_INFOPLIST_FILE = YES;
				MARKETING_VERSION = 1.0;
				PRODUCT_BUNDLE_IDENTIFIER = com.madelainejones.WorkoutTrackerUITests;
				PRODUCT_NAME = "$(TARGET_NAME)";
				SWIFT_EMIT_LOC_STRINGS = NO;
				SWIFT_VERSION = 5.0;
				TARGETED_DEVICE_FAMILY = "1,2";
				TEST_TARGET_NAME = WorkoutTracker;
			};
			name = Release;
		};
/* End XCBuildConfiguration section */

/* Begin XCConfigurationList section */
		27077B9C2AAE49D90024F035 /* Build configuration list for PBXProject "WorkoutTracker" */ = {
			isa = XCConfigurationList;
			buildConfigurations = (
				27077BC92AAE49DA0024F035 /* Debug */,
				27077BCA2AAE49DA0024F035 /* Release */,
			);
			defaultConfigurationIsVisible = 0;
			defaultConfigurationName = Release;
		};
		27077BCB2AAE49DA0024F035 /* Build configuration list for PBXNativeTarget "WorkoutTracker" */ = {
			isa = XCConfigurationList;
			buildConfigurations = (
				27077BCC2AAE49DA0024F035 /* Debug */,
				27077BCD2AAE49DA0024F035 /* Release */,
			);
			defaultConfigurationIsVisible = 0;
			defaultConfigurationName = Release;
		};
		27077BCE2AAE49DA0024F035 /* Build configuration list for PBXNativeTarget "WorkoutTrackerTests" */ = {
			isa = XCConfigurationList;
			buildConfigurations = (
				27077BCF2AAE49DA0024F035 /* Debug */,
				27077BD02AAE49DA0024F035 /* Release */,
			);
			defaultConfigurationIsVisible = 0;
			defaultConfigurationName = Release;
		};
		27077BD12AAE49DA0024F035 /* Build configuration list for PBXNativeTarget "WorkoutTrackerUITests" */ = {
			isa = XCConfigurationList;
			buildConfigurations = (
				27077BD22AAE49DA0024F035 /* Debug */,
				27077BD32AAE49DA0024F035 /* Release */,
			);
			defaultConfigurationIsVisible = 0;
			defaultConfigurationName = Release;
		};
/* End XCConfigurationList section */

/* Begin XCVersionGroup section */
		27077BAF2AAE49DA0024F035 /* WorkoutTracker.xcdatamodeld */ = {
			isa = XCVersionGroup;
			children = (
				27077BB02AAE49DA0024F035 /* WorkoutTracker.xcdatamodel */,
			);
			currentVersion = 27077BB02AAE49DA0024F035 /* WorkoutTracker.xcdatamodel */;
			path = WorkoutTracker.xcdatamodeld;
			sourceTree = "<group>";
			versionGroupType = wrapper.xcdatamodel;
		};
/* End XCVersionGroup section */
	};
	rootObject = 27077B992AAE49D90024F035 /* Project object */;
}
