// !$*UTF8*$!
{
	archiveVersion = 1;
	classes = {
	};
	objectVersion = 56;
	objects = {

/* Begin PBXBuildFile section */
		27077BA52AAE49D90024F035 /* WorkoutTrackerApp.swift in Sources */ = {isa = PBXBuildFile; fileRef = 27077BA42AAE49D90024F035 /* WorkoutTrackerApp.swift */; };
		27077BA92AAE49DA0024F035 /* Assets.xcassets in Resources */ = {isa = PBXBuildFile; fileRef = 27077BA82AAE49DA0024F035 /* Assets.xcassets */; };
		27077BAC2AAE49DA0024F035 /* Preview Assets.xcassets in Resources */ = {isa = PBXBuildFile; fileRef = 27077BAB2AAE49DA0024F035 /* Preview Assets.xcassets */; };
		27077BB12AAE49DA0024F035 /* WorkoutTracker.xcdatamodeld in Sources */ = {isa = PBXBuildFile; fileRef = 27077BAF2AAE49DA0024F035 /* WorkoutTracker.xcdatamodeld */; };
		270924762ADB0C73009B665F /* WorkoutCard.swift in Sources */ = {isa = PBXBuildFile; fileRef = 270924752ADB0C73009B665F /* WorkoutCard.swift */; };
		270924792ADB2515009B665F /* ExerciseListView.swift in Sources */ = {isa = PBXBuildFile; fileRef = 270924782ADB2515009B665F /* ExerciseListView.swift */; };
		271B29262AFEA9CC00A1CC8A /* DeleteButton.swift in Sources */ = {isa = PBXBuildFile; fileRef = 271B29252AFEA9CC00A1CC8A /* DeleteButton.swift */; };
		271B3E4A2B489D8A0052A019 /* ColourExtentionTest.swift in Sources */ = {isa = PBXBuildFile; fileRef = 271B3E492B489D8A0052A019 /* ColourExtentionTest.swift */; };
		271B3E4C2B48A9B70052A019 /* ExerciseTemplateViewModelTest.swift in Sources */ = {isa = PBXBuildFile; fileRef = 271B3E4B2B48A9B70052A019 /* ExerciseTemplateViewModelTest.swift */; };
		272381C62B12A27200F41CD9 /* Colour.swift in Sources */ = {isa = PBXBuildFile; fileRef = 272381C52B12A27200F41CD9 /* Colour.swift */; };
		272381CC2B151E2F00F41CD9 /* LaunchScreen.storyboard in Resources */ = {isa = PBXBuildFile; fileRef = 272381CB2B151E2F00F41CD9 /* LaunchScreen.storyboard */; };
		272EBF932AE2F5DA00126645 /* ViewExtension.swift in Sources */ = {isa = PBXBuildFile; fileRef = 272EBF922AE2F5DA00126645 /* ViewExtension.swift */; };
		272EBF952AE2F6D200126645 /* CustomUITextField.swift in Sources */ = {isa = PBXBuildFile; fileRef = 272EBF942AE2F6D200126645 /* CustomUITextField.swift */; };
		272EBF972AE2F6F400126645 /* NumberField.swift in Sources */ = {isa = PBXBuildFile; fileRef = 272EBF962AE2F6F400126645 /* NumberField.swift */; };
		272EBF9A2AE4657E00126645 /* InlineTextEditView.swift in Sources */ = {isa = PBXBuildFile; fileRef = 272EBF992AE4657E00126645 /* InlineTextEditView.swift */; };
		273F5E592AE5F835000D68A9 /* WorkoutViewModelTest.swift in Sources */ = {isa = PBXBuildFile; fileRef = 273F5E582AE5F835000D68A9 /* WorkoutViewModelTest.swift */; };
		273F5E5B2AE5F840000D68A9 /* ExerciseViewModelTest.swift in Sources */ = {isa = PBXBuildFile; fileRef = 273F5E5A2AE5F840000D68A9 /* ExerciseViewModelTest.swift */; };
		273F5E5D2AE5F847000D68A9 /* ExerciseSetViewModelTest.swift in Sources */ = {isa = PBXBuildFile; fileRef = 273F5E5C2AE5F847000D68A9 /* ExerciseSetViewModelTest.swift */; };
		274194C42AD32A8500D010D0 /* ExerciseSetData.swift in Sources */ = {isa = PBXBuildFile; fileRef = 274194C32AD32A8500D010D0 /* ExerciseSetData.swift */; };
		274194C62AD334D500D010D0 /* ExerciseData.swift in Sources */ = {isa = PBXBuildFile; fileRef = 274194C52AD334D500D010D0 /* ExerciseData.swift */; };
		274194C82AD334DA00D010D0 /* WorkoutData.swift in Sources */ = {isa = PBXBuildFile; fileRef = 274194C72AD334DA00D010D0 /* WorkoutData.swift */; };
		274194CD2AD3553300D010D0 /* TestCoreDataHelpers.swift in Sources */ = {isa = PBXBuildFile; fileRef = 274194CC2AD3553300D010D0 /* TestCoreDataHelpers.swift */; };
		274194CF2AD3565F00D010D0 /* ExerciseSetDataTest.swift in Sources */ = {isa = PBXBuildFile; fileRef = 274194CE2AD3565F00D010D0 /* ExerciseSetDataTest.swift */; };
		274194F22AD3687700D010D0 /* ExerciseDataTest.swift in Sources */ = {isa = PBXBuildFile; fileRef = 274194F12AD3687700D010D0 /* ExerciseDataTest.swift */; };
		274194F42AD368C600D010D0 /* WorkoutDataTest.swift in Sources */ = {isa = PBXBuildFile; fileRef = 274194F32AD368C600D010D0 /* WorkoutDataTest.swift */; };
		275116D22B49F16F00DD3CF8 /* WorkoutTemplateViewModelTest.swift in Sources */ = {isa = PBXBuildFile; fileRef = 275116D12B49F16F00DD3CF8 /* WorkoutTemplateViewModelTest.swift */; };
		276A6DD62AEF1BF0008EA0D8 /* WorkoutTemplateView.swift in Sources */ = {isa = PBXBuildFile; fileRef = 276A6DD52AEF1BF0008EA0D8 /* WorkoutTemplateView.swift */; };
		276A6DD82AEF21E8008EA0D8 /* MainView.swift in Sources */ = {isa = PBXBuildFile; fileRef = 276A6DD72AEF21E8008EA0D8 /* MainView.swift */; };
		276A6DDA2AEF2E3D008EA0D8 /* ExerciseTemplateView.swift in Sources */ = {isa = PBXBuildFile; fileRef = 276A6DD92AEF2E3D008EA0D8 /* ExerciseTemplateView.swift */; };
		276A6DDC2AEF319D008EA0D8 /* ExerciseTemplateCard.swift in Sources */ = {isa = PBXBuildFile; fileRef = 276A6DDB2AEF319D008EA0D8 /* ExerciseTemplateCard.swift */; };
		276A6DDE2AEF34BF008EA0D8 /* InputModalView.swift in Sources */ = {isa = PBXBuildFile; fileRef = 276A6DDD2AEF34BF008EA0D8 /* InputModalView.swift */; };
		27715EAB2AEDC06B002B588B /* WorkoutTemplateData.swift in Sources */ = {isa = PBXBuildFile; fileRef = 27715EAA2AEDC06B002B588B /* WorkoutTemplateData.swift */; };
		27715EAF2AEDC267002B588B /* WorkoutTemplateTest.swift in Sources */ = {isa = PBXBuildFile; fileRef = 27715EAE2AEDC267002B588B /* WorkoutTemplateTest.swift */; };
		27715EB12AEDC547002B588B /* ExerciseTemplateData.swift in Sources */ = {isa = PBXBuildFile; fileRef = 27715EB02AEDC547002B588B /* ExerciseTemplateData.swift */; };
		27715EB32AEDCF51002B588B /* ExerciseTemplateTest.swift in Sources */ = {isa = PBXBuildFile; fileRef = 27715EB22AEDCF51002B588B /* ExerciseTemplateTest.swift */; };
		27715EB52AEDCFBD002B588B /* WorkoutTemplateViewModel.swift in Sources */ = {isa = PBXBuildFile; fileRef = 27715EB42AEDCFBD002B588B /* WorkoutTemplateViewModel.swift */; };
		27715EB72AEDD056002B588B /* WorkoutTemplateModel.swift in Sources */ = {isa = PBXBuildFile; fileRef = 27715EB62AEDD056002B588B /* WorkoutTemplateModel.swift */; };
		27715EB92AEDD092002B588B /* ExerciseTemplateModel.swift in Sources */ = {isa = PBXBuildFile; fileRef = 27715EB82AEDD092002B588B /* ExerciseTemplateModel.swift */; };
		27715EBB2AEDD1C7002B588B /* ExerciseTemplateViewModel.swift in Sources */ = {isa = PBXBuildFile; fileRef = 27715EBA2AEDD1C7002B588B /* ExerciseTemplateViewModel.swift */; };
		2787C3612AD248E9007CD4F2 /* WorkoutListView.swift in Sources */ = {isa = PBXBuildFile; fileRef = 2787C3602AD248E9007CD4F2 /* WorkoutListView.swift */; };
		2787C3632AD248FE007CD4F2 /* SetListView.swift in Sources */ = {isa = PBXBuildFile; fileRef = 2787C3622AD248FE007CD4F2 /* SetListView.swift */; };
		2787C36F2AD24953007CD4F2 /* DataManager.swift in Sources */ = {isa = PBXBuildFile; fileRef = 2787C36E2AD24953007CD4F2 /* DataManager.swift */; };
		2787C3712AD24966007CD4F2 /* WorkoutViewModel.swift in Sources */ = {isa = PBXBuildFile; fileRef = 2787C3702AD24966007CD4F2 /* WorkoutViewModel.swift */; };
		2787C3732AD2496D007CD4F2 /* ExerciseViewModel.swift in Sources */ = {isa = PBXBuildFile; fileRef = 2787C3722AD2496D007CD4F2 /* ExerciseViewModel.swift */; };
		2787C3752AD24972007CD4F2 /* ExerciseSetViewModel.swift in Sources */ = {isa = PBXBuildFile; fileRef = 2787C3742AD24972007CD4F2 /* ExerciseSetViewModel.swift */; };
		27A2B6372B11270400EC4E23 /* MonthSectionView.swift in Sources */ = {isa = PBXBuildFile; fileRef = 27A2B6362B11270400EC4E23 /* MonthSectionView.swift */; };
		27DBE7ED2B447B44000DA313 /* OnboardingMainView.swift in Sources */ = {isa = PBXBuildFile; fileRef = 27DBE7EC2B447B44000DA313 /* OnboardingMainView.swift */; };
		27EDBBEE2B0802C60083509A /* TemplateCard.swift in Sources */ = {isa = PBXBuildFile; fileRef = 27EDBBED2B0802C60083509A /* TemplateCard.swift */; };
		27EDCD692ADB315400A5B315 /* WorkoutModel.swift in Sources */ = {isa = PBXBuildFile; fileRef = 27EDCD682ADB315400A5B315 /* WorkoutModel.swift */; };
		27EDCD6B2ADB315A00A5B315 /* ExerciseModel.swift in Sources */ = {isa = PBXBuildFile; fileRef = 27EDCD6A2ADB315A00A5B315 /* ExerciseModel.swift */; };
		27EDCD6D2ADB316000A5B315 /* ExerciseSetModel.swift in Sources */ = {isa = PBXBuildFile; fileRef = 27EDCD6C2ADB316000A5B315 /* ExerciseSetModel.swift */; };
		27EDCD912ADC6B8100A5B315 /* SetCard.swift in Sources */ = {isa = PBXBuildFile; fileRef = 27EDCD902ADC6B8100A5B315 /* SetCard.swift */; };
		27EDCD932ADCA09A00A5B315 /* SimpleInputModalView.swift in Sources */ = {isa = PBXBuildFile; fileRef = 27EDCD922ADCA09A00A5B315 /* SimpleInputModalView.swift */; };
		27EDCD952ADCA37000A5B315 /* AddButton.swift in Sources */ = {isa = PBXBuildFile; fileRef = 27EDCD942ADCA37000A5B315 /* AddButton.swift */; };
		27EDCD992ADCAD3300A5B315 /* FirstResponderTextField.swift in Sources */ = {isa = PBXBuildFile; fileRef = 27EDCD982ADCAD3300A5B315 /* FirstResponderTextField.swift */; };
/* End PBXBuildFile section */

/* Begin PBXContainerItemProxy section */
		27077BB82AAE49DA0024F035 /* PBXContainerItemProxy */ = {
			isa = PBXContainerItemProxy;
			containerPortal = 27077B992AAE49D90024F035 /* Project object */;
			proxyType = 1;
			remoteGlobalIDString = 27077BA02AAE49D90024F035;
			remoteInfo = WorkoutTracker;
		};
/* End PBXContainerItemProxy section */

/* Begin PBXFileReference section */
		27077BA12AAE49D90024F035 /* WorkoutTracker.app */ = {isa = PBXFileReference; explicitFileType = wrapper.application; includeInIndex = 0; path = WorkoutTracker.app; sourceTree = BUILT_PRODUCTS_DIR; };
		27077BA42AAE49D90024F035 /* WorkoutTrackerApp.swift */ = {isa = PBXFileReference; lastKnownFileType = sourcecode.swift; path = WorkoutTrackerApp.swift; sourceTree = "<group>"; };
		27077BA82AAE49DA0024F035 /* Assets.xcassets */ = {isa = PBXFileReference; lastKnownFileType = folder.assetcatalog; path = Assets.xcassets; sourceTree = "<group>"; };
		27077BAB2AAE49DA0024F035 /* Preview Assets.xcassets */ = {isa = PBXFileReference; lastKnownFileType = folder.assetcatalog; path = "Preview Assets.xcassets"; sourceTree = "<group>"; };
		27077BB02AAE49DA0024F035 /* WorkoutTracker.xcdatamodel */ = {isa = PBXFileReference; lastKnownFileType = wrapper.xcdatamodel; path = WorkoutTracker.xcdatamodel; sourceTree = "<group>"; };
		27077BB22AAE49DA0024F035 /* Info.plist */ = {isa = PBXFileReference; lastKnownFileType = text.plist.xml; path = Info.plist; sourceTree = "<group>"; };
		27077BB72AAE49DA0024F035 /* WorkoutTrackerTests.xctest */ = {isa = PBXFileReference; explicitFileType = wrapper.cfbundle; includeInIndex = 0; path = WorkoutTrackerTests.xctest; sourceTree = BUILT_PRODUCTS_DIR; };
		27077BC52AAE49DA0024F035 /* WorkoutTrackerUITests.swift */ = {isa = PBXFileReference; lastKnownFileType = sourcecode.swift; path = WorkoutTrackerUITests.swift; sourceTree = "<group>"; };
		27077BC72AAE49DA0024F035 /* WorkoutTrackerUITestsLaunchTests.swift */ = {isa = PBXFileReference; lastKnownFileType = sourcecode.swift; path = WorkoutTrackerUITestsLaunchTests.swift; sourceTree = "<group>"; };
		270924752ADB0C73009B665F /* WorkoutCard.swift */ = {isa = PBXFileReference; lastKnownFileType = sourcecode.swift; path = WorkoutCard.swift; sourceTree = "<group>"; };
		270924782ADB2515009B665F /* ExerciseListView.swift */ = {isa = PBXFileReference; lastKnownFileType = sourcecode.swift; path = ExerciseListView.swift; sourceTree = "<group>"; };
		271B29252AFEA9CC00A1CC8A /* DeleteButton.swift */ = {isa = PBXFileReference; lastKnownFileType = sourcecode.swift; path = DeleteButton.swift; sourceTree = "<group>"; };
		271B292C2B00564000A1CC8A /* WorkoutTracker.entitlements */ = {isa = PBXFileReference; fileEncoding = 4; lastKnownFileType = text.plist.entitlements; name = WorkoutTracker.entitlements; path = ../../.Trash/WorkoutTracker.entitlements; sourceTree = "<group>"; };
		271B3E492B489D8A0052A019 /* ColourExtentionTest.swift */ = {isa = PBXFileReference; lastKnownFileType = sourcecode.swift; path = ColourExtentionTest.swift; sourceTree = "<group>"; };
		271B3E4B2B48A9B70052A019 /* ExerciseTemplateViewModelTest.swift */ = {isa = PBXFileReference; lastKnownFileType = sourcecode.swift; path = ExerciseTemplateViewModelTest.swift; sourceTree = "<group>"; };
		272381C52B12A27200F41CD9 /* Colour.swift */ = {isa = PBXFileReference; lastKnownFileType = sourcecode.swift; path = Colour.swift; sourceTree = "<group>"; };
		272381CB2B151E2F00F41CD9 /* LaunchScreen.storyboard */ = {isa = PBXFileReference; lastKnownFileType = file.storyboard; path = LaunchScreen.storyboard; sourceTree = "<group>"; };
		272EBF922AE2F5DA00126645 /* ViewExtension.swift */ = {isa = PBXFileReference; lastKnownFileType = sourcecode.swift; path = ViewExtension.swift; sourceTree = "<group>"; };
		272EBF942AE2F6D200126645 /* CustomUITextField.swift */ = {isa = PBXFileReference; lastKnownFileType = sourcecode.swift; path = CustomUITextField.swift; sourceTree = "<group>"; };
		272EBF962AE2F6F400126645 /* NumberField.swift */ = {isa = PBXFileReference; lastKnownFileType = sourcecode.swift; path = NumberField.swift; sourceTree = "<group>"; };
		272EBF992AE4657E00126645 /* InlineTextEditView.swift */ = {isa = PBXFileReference; lastKnownFileType = sourcecode.swift; path = InlineTextEditView.swift; sourceTree = "<group>"; };
		273F5E582AE5F835000D68A9 /* WorkoutViewModelTest.swift */ = {isa = PBXFileReference; lastKnownFileType = sourcecode.swift; path = WorkoutViewModelTest.swift; sourceTree = "<group>"; };
		273F5E5A2AE5F840000D68A9 /* ExerciseViewModelTest.swift */ = {isa = PBXFileReference; lastKnownFileType = sourcecode.swift; path = ExerciseViewModelTest.swift; sourceTree = "<group>"; };
		273F5E5C2AE5F847000D68A9 /* ExerciseSetViewModelTest.swift */ = {isa = PBXFileReference; lastKnownFileType = sourcecode.swift; path = ExerciseSetViewModelTest.swift; sourceTree = "<group>"; };
		274194C32AD32A8500D010D0 /* ExerciseSetData.swift */ = {isa = PBXFileReference; lastKnownFileType = sourcecode.swift; path = ExerciseSetData.swift; sourceTree = "<group>"; };
		274194C52AD334D500D010D0 /* ExerciseData.swift */ = {isa = PBXFileReference; lastKnownFileType = sourcecode.swift; path = ExerciseData.swift; sourceTree = "<group>"; };
		274194C72AD334DA00D010D0 /* WorkoutData.swift */ = {isa = PBXFileReference; lastKnownFileType = sourcecode.swift; path = WorkoutData.swift; sourceTree = "<group>"; };
		274194CC2AD3553300D010D0 /* TestCoreDataHelpers.swift */ = {isa = PBXFileReference; lastKnownFileType = sourcecode.swift; path = TestCoreDataHelpers.swift; sourceTree = "<group>"; };
		274194CE2AD3565F00D010D0 /* ExerciseSetDataTest.swift */ = {isa = PBXFileReference; lastKnownFileType = sourcecode.swift; path = ExerciseSetDataTest.swift; sourceTree = "<group>"; };
		274194F12AD3687700D010D0 /* ExerciseDataTest.swift */ = {isa = PBXFileReference; lastKnownFileType = sourcecode.swift; path = ExerciseDataTest.swift; sourceTree = "<group>"; };
		274194F32AD368C600D010D0 /* WorkoutDataTest.swift */ = {isa = PBXFileReference; lastKnownFileType = sourcecode.swift; path = WorkoutDataTest.swift; sourceTree = "<group>"; };
		275116D12B49F16F00DD3CF8 /* WorkoutTemplateViewModelTest.swift */ = {isa = PBXFileReference; lastKnownFileType = sourcecode.swift; path = WorkoutTemplateViewModelTest.swift; sourceTree = "<group>"; };
		276A6DD42AEEF29E008EA0D8 /* WorkoutTracker.xctestplan */ = {isa = PBXFileReference; lastKnownFileType = text; path = WorkoutTracker.xctestplan; sourceTree = "<group>"; };
		276A6DD52AEF1BF0008EA0D8 /* WorkoutTemplateView.swift */ = {isa = PBXFileReference; lastKnownFileType = sourcecode.swift; path = WorkoutTemplateView.swift; sourceTree = "<group>"; };
		276A6DD72AEF21E8008EA0D8 /* MainView.swift */ = {isa = PBXFileReference; lastKnownFileType = sourcecode.swift; path = MainView.swift; sourceTree = "<group>"; };
		276A6DD92AEF2E3D008EA0D8 /* ExerciseTemplateView.swift */ = {isa = PBXFileReference; lastKnownFileType = sourcecode.swift; path = ExerciseTemplateView.swift; sourceTree = "<group>"; };
		276A6DDB2AEF319D008EA0D8 /* ExerciseTemplateCard.swift */ = {isa = PBXFileReference; lastKnownFileType = sourcecode.swift; path = ExerciseTemplateCard.swift; sourceTree = "<group>"; };
		276A6DDD2AEF34BF008EA0D8 /* InputModalView.swift */ = {isa = PBXFileReference; lastKnownFileType = sourcecode.swift; path = InputModalView.swift; sourceTree = "<group>"; };
		27715EAA2AEDC06B002B588B /* WorkoutTemplateData.swift */ = {isa = PBXFileReference; lastKnownFileType = sourcecode.swift; path = WorkoutTemplateData.swift; sourceTree = "<group>"; };
		27715EAE2AEDC267002B588B /* WorkoutTemplateTest.swift */ = {isa = PBXFileReference; lastKnownFileType = sourcecode.swift; path = WorkoutTemplateTest.swift; sourceTree = "<group>"; };
		27715EB02AEDC547002B588B /* ExerciseTemplateData.swift */ = {isa = PBXFileReference; lastKnownFileType = sourcecode.swift; path = ExerciseTemplateData.swift; sourceTree = "<group>"; };
		27715EB22AEDCF51002B588B /* ExerciseTemplateTest.swift */ = {isa = PBXFileReference; lastKnownFileType = sourcecode.swift; path = ExerciseTemplateTest.swift; sourceTree = "<group>"; };
		27715EB42AEDCFBD002B588B /* WorkoutTemplateViewModel.swift */ = {isa = PBXFileReference; lastKnownFileType = sourcecode.swift; path = WorkoutTemplateViewModel.swift; sourceTree = "<group>"; };
		27715EB62AEDD056002B588B /* WorkoutTemplateModel.swift */ = {isa = PBXFileReference; lastKnownFileType = sourcecode.swift; path = WorkoutTemplateModel.swift; sourceTree = "<group>"; };
		27715EB82AEDD092002B588B /* ExerciseTemplateModel.swift */ = {isa = PBXFileReference; lastKnownFileType = sourcecode.swift; path = ExerciseTemplateModel.swift; sourceTree = "<group>"; };
		27715EBA2AEDD1C7002B588B /* ExerciseTemplateViewModel.swift */ = {isa = PBXFileReference; lastKnownFileType = sourcecode.swift; path = ExerciseTemplateViewModel.swift; sourceTree = "<group>"; };
		2787C3602AD248E9007CD4F2 /* WorkoutListView.swift */ = {isa = PBXFileReference; lastKnownFileType = sourcecode.swift; path = WorkoutListView.swift; sourceTree = "<group>"; };
		2787C3622AD248FE007CD4F2 /* SetListView.swift */ = {isa = PBXFileReference; lastKnownFileType = sourcecode.swift; path = SetListView.swift; sourceTree = "<group>"; };
		2787C36E2AD24953007CD4F2 /* DataManager.swift */ = {isa = PBXFileReference; lastKnownFileType = sourcecode.swift; path = DataManager.swift; sourceTree = "<group>"; };
		2787C3702AD24966007CD4F2 /* WorkoutViewModel.swift */ = {isa = PBXFileReference; lastKnownFileType = sourcecode.swift; path = WorkoutViewModel.swift; sourceTree = "<group>"; };
		2787C3722AD2496D007CD4F2 /* ExerciseViewModel.swift */ = {isa = PBXFileReference; lastKnownFileType = sourcecode.swift; path = ExerciseViewModel.swift; sourceTree = "<group>"; };
		2787C3742AD24972007CD4F2 /* ExerciseSetViewModel.swift */ = {isa = PBXFileReference; lastKnownFileType = sourcecode.swift; path = ExerciseSetViewModel.swift; sourceTree = "<group>"; };
		27A2B6362B11270400EC4E23 /* MonthSectionView.swift */ = {isa = PBXFileReference; lastKnownFileType = sourcecode.swift; path = MonthSectionView.swift; sourceTree = "<group>"; };
		27DBE7EC2B447B44000DA313 /* OnboardingMainView.swift */ = {isa = PBXFileReference; fileEncoding = 4; lastKnownFileType = sourcecode.swift; path = OnboardingMainView.swift; sourceTree = "<group>"; };
		27EDBBED2B0802C60083509A /* TemplateCard.swift */ = {isa = PBXFileReference; lastKnownFileType = sourcecode.swift; path = TemplateCard.swift; sourceTree = "<group>"; };
		27EDCD682ADB315400A5B315 /* WorkoutModel.swift */ = {isa = PBXFileReference; lastKnownFileType = sourcecode.swift; path = WorkoutModel.swift; sourceTree = "<group>"; };
		27EDCD6A2ADB315A00A5B315 /* ExerciseModel.swift */ = {isa = PBXFileReference; lastKnownFileType = sourcecode.swift; path = ExerciseModel.swift; sourceTree = "<group>"; };
		27EDCD6C2ADB316000A5B315 /* ExerciseSetModel.swift */ = {isa = PBXFileReference; lastKnownFileType = sourcecode.swift; path = ExerciseSetModel.swift; sourceTree = "<group>"; };
		27EDCD902ADC6B8100A5B315 /* SetCard.swift */ = {isa = PBXFileReference; lastKnownFileType = sourcecode.swift; path = SetCard.swift; sourceTree = "<group>"; };
		27EDCD922ADCA09A00A5B315 /* SimpleInputModalView.swift */ = {isa = PBXFileReference; lastKnownFileType = sourcecode.swift; path = SimpleInputModalView.swift; sourceTree = "<group>"; };
		27EDCD942ADCA37000A5B315 /* AddButton.swift */ = {isa = PBXFileReference; lastKnownFileType = sourcecode.swift; path = AddButton.swift; sourceTree = "<group>"; };
		27EDCD982ADCAD3300A5B315 /* FirstResponderTextField.swift */ = {isa = PBXFileReference; lastKnownFileType = sourcecode.swift; path = FirstResponderTextField.swift; sourceTree = "<group>"; };
/* End PBXFileReference section */

/* Begin PBXFrameworksBuildPhase section */
		27077B9E2AAE49D90024F035 /* Frameworks */ = {
			isa = PBXFrameworksBuildPhase;
			buildActionMask = 2147483647;
			files = (
			);
			runOnlyForDeploymentPostprocessing = 0;
		};
		27077BB42AAE49DA0024F035 /* Frameworks */ = {
			isa = PBXFrameworksBuildPhase;
			buildActionMask = 2147483647;
			files = (
			);
			runOnlyForDeploymentPostprocessing = 0;
		};
/* End PBXFrameworksBuildPhase section */

/* Begin PBXGroup section */
		2702F2562AD23C390080E099 /* Models */ = {
			isa = PBXGroup;
			children = (
				27EDCD682ADB315400A5B315 /* WorkoutModel.swift */,
				27EDCD6A2ADB315A00A5B315 /* ExerciseModel.swift */,
				27715EB82AEDD092002B588B /* ExerciseTemplateModel.swift */,
				27EDCD6C2ADB316000A5B315 /* ExerciseSetModel.swift */,
				27715EB62AEDD056002B588B /* WorkoutTemplateModel.swift */,
			);
			path = Models;
			sourceTree = "<group>";
		};
		27077B982AAE49D90024F035 = {
			isa = PBXGroup;
			children = (
				276A6DD42AEEF29E008EA0D8 /* WorkoutTracker.xctestplan */,
				27077BA32AAE49D90024F035 /* WorkoutTracker */,
				27077BBA2AAE49DA0024F035 /* WorkoutTrackerTests */,
				27077BC42AAE49DA0024F035 /* WorkoutTrackerUITests */,
				27077BA22AAE49D90024F035 /* Products */,
			);
			sourceTree = "<group>";
		};
		27077BA22AAE49D90024F035 /* Products */ = {
			isa = PBXGroup;
			children = (
				27077BA12AAE49D90024F035 /* WorkoutTracker.app */,
				27077BB72AAE49DA0024F035 /* WorkoutTrackerTests.xctest */,
			);
			name = Products;
			sourceTree = "<group>";
		};
		27077BA32AAE49D90024F035 /* WorkoutTracker */ = {
			isa = PBXGroup;
			children = (
				271B292C2B00564000A1CC8A /* WorkoutTracker.entitlements */,
				27EDCD9B2ADCAEB000A5B315 /* Services */,
				274194C22AD32A7200D010D0 /* Data */,
				2787C3662AD24907007CD4F2 /* ViewModels */,
				2787C35F2AD24884007CD4F2 /* Views */,
				2702F2562AD23C390080E099 /* Models */,
				27077BA42AAE49D90024F035 /* WorkoutTrackerApp.swift */,
				27077BA82AAE49DA0024F035 /* Assets.xcassets */,
				27077BB22AAE49DA0024F035 /* Info.plist */,
				27077BAF2AAE49DA0024F035 /* WorkoutTracker.xcdatamodeld */,
				27077BAA2AAE49DA0024F035 /* Preview Content */,
				272381CB2B151E2F00F41CD9 /* LaunchScreen.storyboard */,
			);
			path = WorkoutTracker;
			sourceTree = "<group>";
		};
		27077BAA2AAE49DA0024F035 /* Preview Content */ = {
			isa = PBXGroup;
			children = (
				27077BAB2AAE49DA0024F035 /* Preview Assets.xcassets */,
			);
			path = "Preview Content";
			sourceTree = "<group>";
		};
		27077BBA2AAE49DA0024F035 /* WorkoutTrackerTests */ = {
			isa = PBXGroup;
			children = (
				271B3E482B489D730052A019 /* Services */,
				274194F52AD368CC00D010D0 /* TestHelpers */,
				274194CB2AD354DA00D010D0 /* ViewModelTests */,
				274194CA2AD354CD00D010D0 /* DataManagerTests */,
			);
			path = WorkoutTrackerTests;
			sourceTree = "<group>";
		};
		27077BC42AAE49DA0024F035 /* WorkoutTrackerUITests */ = {
			isa = PBXGroup;
			children = (
				27077BC52AAE49DA0024F035 /* WorkoutTrackerUITests.swift */,
				27077BC72AAE49DA0024F035 /* WorkoutTrackerUITestsLaunchTests.swift */,
			);
			path = WorkoutTrackerUITests;
			sourceTree = "<group>";
		};
		271B3E482B489D730052A019 /* Services */ = {
			isa = PBXGroup;
			children = (
				271B3E492B489D8A0052A019 /* ColourExtentionTest.swift */,
			);
			path = Services;
			sourceTree = "<group>";
		};
		274194C22AD32A7200D010D0 /* Data */ = {
			isa = PBXGroup;
			children = (
				2787C36E2AD24953007CD4F2 /* DataManager.swift */,
				274194C32AD32A8500D010D0 /* ExerciseSetData.swift */,
				274194C52AD334D500D010D0 /* ExerciseData.swift */,
				274194C72AD334DA00D010D0 /* WorkoutData.swift */,
				27715EAA2AEDC06B002B588B /* WorkoutTemplateData.swift */,
				27715EB02AEDC547002B588B /* ExerciseTemplateData.swift */,
			);
			path = Data;
			sourceTree = "<group>";
		};
		274194CA2AD354CD00D010D0 /* DataManagerTests */ = {
			isa = PBXGroup;
			children = (
				274194CE2AD3565F00D010D0 /* ExerciseSetDataTest.swift */,
				274194F12AD3687700D010D0 /* ExerciseDataTest.swift */,
				274194F32AD368C600D010D0 /* WorkoutDataTest.swift */,
				27715EAE2AEDC267002B588B /* WorkoutTemplateTest.swift */,
				27715EB22AEDCF51002B588B /* ExerciseTemplateTest.swift */,
			);
			path = DataManagerTests;
			sourceTree = "<group>";
		};
		274194CB2AD354DA00D010D0 /* ViewModelTests */ = {
			isa = PBXGroup;
			children = (
				273F5E582AE5F835000D68A9 /* WorkoutViewModelTest.swift */,
				273F5E5A2AE5F840000D68A9 /* ExerciseViewModelTest.swift */,
				273F5E5C2AE5F847000D68A9 /* ExerciseSetViewModelTest.swift */,
				271B3E4B2B48A9B70052A019 /* ExerciseTemplateViewModelTest.swift */,
				275116D12B49F16F00DD3CF8 /* WorkoutTemplateViewModelTest.swift */,
			);
			path = ViewModelTests;
			sourceTree = "<group>";
		};
		274194F52AD368CC00D010D0 /* TestHelpers */ = {
			isa = PBXGroup;
			children = (
				274194CC2AD3553300D010D0 /* TestCoreDataHelpers.swift */,
			);
			path = TestHelpers;
			sourceTree = "<group>";
		};
		2787C35F2AD24884007CD4F2 /* Views */ = {
			isa = PBXGroup;
			children = (
				27EDCD9C2ADCAEC000A5B315 /* Helpers */,
				27EDCD9A2ADCAE9000A5B315 /* MainListViews */,
				27EDCD6E2ADB325900A5B315 /* SubView */,
			);
			path = Views;
			sourceTree = "<group>";
		};
		2787C3662AD24907007CD4F2 /* ViewModels */ = {
			isa = PBXGroup;
			children = (
				2787C3702AD24966007CD4F2 /* WorkoutViewModel.swift */,
				27715EB42AEDCFBD002B588B /* WorkoutTemplateViewModel.swift */,
				2787C3722AD2496D007CD4F2 /* ExerciseViewModel.swift */,
				27715EBA2AEDD1C7002B588B /* ExerciseTemplateViewModel.swift */,
				2787C3742AD24972007CD4F2 /* ExerciseSetViewModel.swift */,
			);
			path = ViewModels;
			sourceTree = "<group>";
		};
		27EDCD6E2ADB325900A5B315 /* SubView */ = {
			isa = PBXGroup;
			children = (
				27DBE7EC2B447B44000DA313 /* OnboardingMainView.swift */,
				27EDCD942ADCA37000A5B315 /* AddButton.swift */,
				270924752ADB0C73009B665F /* WorkoutCard.swift */,
				276A6DDB2AEF319D008EA0D8 /* ExerciseTemplateCard.swift */,
				27EDCD902ADC6B8100A5B315 /* SetCard.swift */,
				271B29252AFEA9CC00A1CC8A /* DeleteButton.swift */,
				27EDBBED2B0802C60083509A /* TemplateCard.swift */,
				27A2B6362B11270400EC4E23 /* MonthSectionView.swift */,
			);
			path = SubView;
			sourceTree = "<group>";
		};
		27EDCD9A2ADCAE9000A5B315 /* MainListViews */ = {
			isa = PBXGroup;
			children = (
				276A6DD92AEF2E3D008EA0D8 /* ExerciseTemplateView.swift */,
				276A6DD52AEF1BF0008EA0D8 /* WorkoutTemplateView.swift */,
				270924782ADB2515009B665F /* ExerciseListView.swift */,
				2787C3622AD248FE007CD4F2 /* SetListView.swift */,
				2787C3602AD248E9007CD4F2 /* WorkoutListView.swift */,
				276A6DD72AEF21E8008EA0D8 /* MainView.swift */,
			);
			path = MainListViews;
			sourceTree = "<group>";
		};
		27EDCD9B2ADCAEB000A5B315 /* Services */ = {
			isa = PBXGroup;
			children = (
				272381C52B12A27200F41CD9 /* Colour.swift */,
				27EDCD982ADCAD3300A5B315 /* FirstResponderTextField.swift */,
			);
			path = Services;
			sourceTree = "<group>";
		};
		27EDCD9C2ADCAEC000A5B315 /* Helpers */ = {
			isa = PBXGroup;
			children = (
				27EDCD922ADCA09A00A5B315 /* SimpleInputModalView.swift */,
				276A6DDD2AEF34BF008EA0D8 /* InputModalView.swift */,
				272EBF922AE2F5DA00126645 /* ViewExtension.swift */,
				272EBF942AE2F6D200126645 /* CustomUITextField.swift */,
				272EBF962AE2F6F400126645 /* NumberField.swift */,
				272EBF992AE4657E00126645 /* InlineTextEditView.swift */,
			);
			path = Helpers;
			sourceTree = "<group>";
		};
/* End PBXGroup section */

/* Begin PBXNativeTarget section */
		27077BA02AAE49D90024F035 /* WorkoutTracker */ = {
			isa = PBXNativeTarget;
			buildConfigurationList = 27077BCB2AAE49DA0024F035 /* Build configuration list for PBXNativeTarget "WorkoutTracker" */;
			buildPhases = (
				27077B9D2AAE49D90024F035 /* Sources */,
				27077B9E2AAE49D90024F035 /* Frameworks */,
				27077B9F2AAE49D90024F035 /* Resources */,
			);
			buildRules = (
			);
			dependencies = (
			);
			name = WorkoutTracker;
			productName = WorkoutTracker;
			productReference = 27077BA12AAE49D90024F035 /* WorkoutTracker.app */;
			productType = "com.apple.product-type.application";
		};
		27077BB62AAE49DA0024F035 /* WorkoutTrackerTests */ = {
			isa = PBXNativeTarget;
			buildConfigurationList = 27077BCE2AAE49DA0024F035 /* Build configuration list for PBXNativeTarget "WorkoutTrackerTests" */;
			buildPhases = (
				27077BB32AAE49DA0024F035 /* Sources */,
				27077BB42AAE49DA0024F035 /* Frameworks */,
				27077BB52AAE49DA0024F035 /* Resources */,
			);
			buildRules = (
			);
			dependencies = (
				27077BB92AAE49DA0024F035 /* PBXTargetDependency */,
			);
			name = WorkoutTrackerTests;
			productName = WorkoutTrackerTests;
			productReference = 27077BB72AAE49DA0024F035 /* WorkoutTrackerTests.xctest */;
			productType = "com.apple.product-type.bundle.unit-test";
		};
/* End PBXNativeTarget section */

/* Begin PBXProject section */
		27077B992AAE49D90024F035 /* Project object */ = {
			isa = PBXProject;
			attributes = {
				BuildIndependentTargetsInParallel = 1;
				LastSwiftUpdateCheck = 1430;
				LastUpgradeCheck = 1520;
				TargetAttributes = {
					27077BA02AAE49D90024F035 = {
						CreatedOnToolsVersion = 14.3.1;
					};
					27077BB62AAE49DA0024F035 = {
						CreatedOnToolsVersion = 14.3.1;
						TestTargetID = 27077BA02AAE49D90024F035;
					};
				};
			};
			buildConfigurationList = 27077B9C2AAE49D90024F035 /* Build configuration list for PBXProject "WorkoutTracker" */;
			compatibilityVersion = "Xcode 14.0";
			developmentRegion = en;
			hasScannedForEncodings = 0;
			knownRegions = (
				en,
				Base,
			);
			mainGroup = 27077B982AAE49D90024F035;
			productRefGroup = 27077BA22AAE49D90024F035 /* Products */;
			projectDirPath = "";
			projectRoot = "";
			targets = (
				27077BA02AAE49D90024F035 /* WorkoutTracker */,
				27077BB62AAE49DA0024F035 /* WorkoutTrackerTests */,
			);
		};
/* End PBXProject section */

/* Begin PBXResourcesBuildPhase section */
		27077B9F2AAE49D90024F035 /* Resources */ = {
			isa = PBXResourcesBuildPhase;
			buildActionMask = 2147483647;
			files = (
				272381CC2B151E2F00F41CD9 /* LaunchScreen.storyboard in Resources */,
				27077BAC2AAE49DA0024F035 /* Preview Assets.xcassets in Resources */,
				27077BA92AAE49DA0024F035 /* Assets.xcassets in Resources */,
			);
			runOnlyForDeploymentPostprocessing = 0;
		};
		27077BB52AAE49DA0024F035 /* Resources */ = {
			isa = PBXResourcesBuildPhase;
			buildActionMask = 2147483647;
			files = (
			);
			runOnlyForDeploymentPostprocessing = 0;
		};
/* End PBXResourcesBuildPhase section */

/* Begin PBXSourcesBuildPhase section */
		27077B9D2AAE49D90024F035 /* Sources */ = {
			isa = PBXSourcesBuildPhase;
			buildActionMask = 2147483647;
			files = (
				27715EB72AEDD056002B588B /* WorkoutTemplateModel.swift in Sources */,
				274194C82AD334DA00D010D0 /* WorkoutData.swift in Sources */,
				276A6DDE2AEF34BF008EA0D8 /* InputModalView.swift in Sources */,
				27EDCD992ADCAD3300A5B315 /* FirstResponderTextField.swift in Sources */,
				27715EB92AEDD092002B588B /* ExerciseTemplateModel.swift in Sources */,
				276A6DD62AEF1BF0008EA0D8 /* WorkoutTemplateView.swift in Sources */,
				272381C62B12A27200F41CD9 /* Colour.swift in Sources */,
				2787C3632AD248FE007CD4F2 /* SetListView.swift in Sources */,
				276A6DDA2AEF2E3D008EA0D8 /* ExerciseTemplateView.swift in Sources */,
				272EBF952AE2F6D200126645 /* CustomUITextField.swift in Sources */,
				276A6DD82AEF21E8008EA0D8 /* MainView.swift in Sources */,
				2787C3612AD248E9007CD4F2 /* WorkoutListView.swift in Sources */,
				27EDCD952ADCA37000A5B315 /* AddButton.swift in Sources */,
				2787C3752AD24972007CD4F2 /* ExerciseSetViewModel.swift in Sources */,
				272EBF932AE2F5DA00126645 /* ViewExtension.swift in Sources */,
				27715EB52AEDCFBD002B588B /* WorkoutTemplateViewModel.swift in Sources */,
				27715EB12AEDC547002B588B /* ExerciseTemplateData.swift in Sources */,
				27EDCD932ADCA09A00A5B315 /* SimpleInputModalView.swift in Sources */,
				276A6DDC2AEF319D008EA0D8 /* ExerciseTemplateCard.swift in Sources */,
				27EDCD912ADC6B8100A5B315 /* SetCard.swift in Sources */,
				27A2B6372B11270400EC4E23 /* MonthSectionView.swift in Sources */,
				270924762ADB0C73009B665F /* WorkoutCard.swift in Sources */,
				270924792ADB2515009B665F /* ExerciseListView.swift in Sources */,
				27EDBBEE2B0802C60083509A /* TemplateCard.swift in Sources */,
				27715EBB2AEDD1C7002B588B /* ExerciseTemplateViewModel.swift in Sources */,
				272EBF9A2AE4657E00126645 /* InlineTextEditView.swift in Sources */,
				27EDCD6D2ADB316000A5B315 /* ExerciseSetModel.swift in Sources */,
				27EDCD6B2ADB315A00A5B315 /* ExerciseModel.swift in Sources */,
				2787C3732AD2496D007CD4F2 /* ExerciseViewModel.swift in Sources */,
				27EDCD692ADB315400A5B315 /* WorkoutModel.swift in Sources */,
				272EBF972AE2F6F400126645 /* NumberField.swift in Sources */,
				2787C3712AD24966007CD4F2 /* WorkoutViewModel.swift in Sources */,
				27077BB12AAE49DA0024F035 /* WorkoutTracker.xcdatamodeld in Sources */,
				274194C42AD32A8500D010D0 /* ExerciseSetData.swift in Sources */,
				2787C36F2AD24953007CD4F2 /* DataManager.swift in Sources */,
				27715EAB2AEDC06B002B588B /* WorkoutTemplateData.swift in Sources */,
				27077BA52AAE49D90024F035 /* WorkoutTrackerApp.swift in Sources */,
				271B29262AFEA9CC00A1CC8A /* DeleteButton.swift in Sources */,
				27DBE7ED2B447B44000DA313 /* OnboardingMainView.swift in Sources */,
				274194C62AD334D500D010D0 /* ExerciseData.swift in Sources */,
			);
			runOnlyForDeploymentPostprocessing = 0;
		};
		27077BB32AAE49DA0024F035 /* Sources */ = {
			isa = PBXSourcesBuildPhase;
			buildActionMask = 2147483647;
			files = (
				271B3E4C2B48A9B70052A019 /* ExerciseTemplateViewModelTest.swift in Sources */,
				274194CD2AD3553300D010D0 /* TestCoreDataHelpers.swift in Sources */,
				274194F42AD368C600D010D0 /* WorkoutDataTest.swift in Sources */,
				273F5E5B2AE5F840000D68A9 /* ExerciseViewModelTest.swift in Sources */,
				274194CF2AD3565F00D010D0 /* ExerciseSetDataTest.swift in Sources */,
				273F5E5D2AE5F847000D68A9 /* ExerciseSetViewModelTest.swift in Sources */,
				27715EAF2AEDC267002B588B /* WorkoutTemplateTest.swift in Sources */,
				27715EB32AEDCF51002B588B /* ExerciseTemplateTest.swift in Sources */,
				275116D22B49F16F00DD3CF8 /* WorkoutTemplateViewModelTest.swift in Sources */,
				273F5E592AE5F835000D68A9 /* WorkoutViewModelTest.swift in Sources */,
				271B3E4A2B489D8A0052A019 /* ColourExtentionTest.swift in Sources */,
				274194F22AD3687700D010D0 /* ExerciseDataTest.swift in Sources */,
			);
			runOnlyForDeploymentPostprocessing = 0;
		};
/* End PBXSourcesBuildPhase section */

/* Begin PBXTargetDependency section */
		27077BB92AAE49DA0024F035 /* PBXTargetDependency */ = {
			isa = PBXTargetDependency;
			target = 27077BA02AAE49D90024F035 /* WorkoutTracker */;
			targetProxy = 27077BB82AAE49DA0024F035 /* PBXContainerItemProxy */;
		};
/* End PBXTargetDependency section */

/* Begin XCBuildConfiguration section */
		27077BC92AAE49DA0024F035 /* Debug */ = {
			isa = XCBuildConfiguration;
			buildSettings = {
				ALWAYS_SEARCH_USER_PATHS = NO;
				ASSETCATALOG_COMPILER_GENERATE_SWIFT_ASSET_SYMBOL_EXTENSIONS = YES;
				CLANG_ANALYZER_NONNULL = YES;
				CLANG_ANALYZER_NUMBER_OBJECT_CONVERSION = YES_AGGRESSIVE;
				CLANG_CXX_LANGUAGE_STANDARD = "gnu++20";
				CLANG_ENABLE_MODULES = YES;
				CLANG_ENABLE_OBJC_ARC = YES;
				CLANG_ENABLE_OBJC_WEAK = YES;
				CLANG_WARN_BLOCK_CAPTURE_AUTORELEASING = YES;
				CLANG_WARN_BOOL_CONVERSION = YES;
				CLANG_WARN_COMMA = YES;
				CLANG_WARN_CONSTANT_CONVERSION = YES;
				CLANG_WARN_DEPRECATED_OBJC_IMPLEMENTATIONS = YES;
				CLANG_WARN_DIRECT_OBJC_ISA_USAGE = YES_ERROR;
				CLANG_WARN_DOCUMENTATION_COMMENTS = YES;
				CLANG_WARN_EMPTY_BODY = YES;
				CLANG_WARN_ENUM_CONVERSION = YES;
				CLANG_WARN_INFINITE_RECURSION = YES;
				CLANG_WARN_INT_CONVERSION = YES;
				CLANG_WARN_NON_LITERAL_NULL_CONVERSION = YES;
				CLANG_WARN_OBJC_IMPLICIT_RETAIN_SELF = YES;
				CLANG_WARN_OBJC_LITERAL_CONVERSION = YES;
				CLANG_WARN_OBJC_ROOT_CLASS = YES_ERROR;
				CLANG_WARN_QUOTED_INCLUDE_IN_FRAMEWORK_HEADER = YES;
				CLANG_WARN_RANGE_LOOP_ANALYSIS = YES;
				CLANG_WARN_STRICT_PROTOTYPES = YES;
				CLANG_WARN_SUSPICIOUS_MOVE = YES;
				CLANG_WARN_UNGUARDED_AVAILABILITY = YES_AGGRESSIVE;
				CLANG_WARN_UNREACHABLE_CODE = YES;
				CLANG_WARN__DUPLICATE_METHOD_MATCH = YES;
				COPY_PHASE_STRIP = NO;
				DEBUG_INFORMATION_FORMAT = dwarf;
				ENABLE_STRICT_OBJC_MSGSEND = YES;
				ENABLE_TESTABILITY = YES;
				ENABLE_USER_SCRIPT_SANDBOXING = YES;
				GCC_C_LANGUAGE_STANDARD = gnu11;
				GCC_DYNAMIC_NO_PIC = NO;
				GCC_NO_COMMON_BLOCKS = YES;
				GCC_OPTIMIZATION_LEVEL = 0;
				GCC_PREPROCESSOR_DEFINITIONS = (
					"DEBUG=1",
					"$(inherited)",
				);
				GCC_WARN_64_TO_32_BIT_CONVERSION = YES;
				GCC_WARN_ABOUT_RETURN_TYPE = YES_ERROR;
				GCC_WARN_UNDECLARED_SELECTOR = YES;
				GCC_WARN_UNINITIALIZED_AUTOS = YES_AGGRESSIVE;
				GCC_WARN_UNUSED_FUNCTION = YES;
				GCC_WARN_UNUSED_VARIABLE = YES;
				IPHONEOS_DEPLOYMENT_TARGET = 16.4;
				MTL_ENABLE_DEBUG_INFO = INCLUDE_SOURCE;
				MTL_FAST_MATH = YES;
				ONLY_ACTIVE_ARCH = YES;
				SDKROOT = iphoneos;
				SWIFT_ACTIVE_COMPILATION_CONDITIONS = DEBUG;
				SWIFT_OPTIMIZATION_LEVEL = "-Onone";
			};
			name = Debug;
		};
		27077BCA2AAE49DA0024F035 /* Release */ = {
			isa = XCBuildConfiguration;
			buildSettings = {
				ALWAYS_SEARCH_USER_PATHS = NO;
				ASSETCATALOG_COMPILER_GENERATE_SWIFT_ASSET_SYMBOL_EXTENSIONS = YES;
				CLANG_ANALYZER_NONNULL = YES;
				CLANG_ANALYZER_NUMBER_OBJECT_CONVERSION = YES_AGGRESSIVE;
				CLANG_CXX_LANGUAGE_STANDARD = "gnu++20";
				CLANG_ENABLE_MODULES = YES;
				CLANG_ENABLE_OBJC_ARC = YES;
				CLANG_ENABLE_OBJC_WEAK = YES;
				CLANG_WARN_BLOCK_CAPTURE_AUTORELEASING = YES;
				CLANG_WARN_BOOL_CONVERSION = YES;
				CLANG_WARN_COMMA = YES;
				CLANG_WARN_CONSTANT_CONVERSION = YES;
				CLANG_WARN_DEPRECATED_OBJC_IMPLEMENTATIONS = YES;
				CLANG_WARN_DIRECT_OBJC_ISA_USAGE = YES_ERROR;
				CLANG_WARN_DOCUMENTATION_COMMENTS = YES;
				CLANG_WARN_EMPTY_BODY = YES;
				CLANG_WARN_ENUM_CONVERSION = YES;
				CLANG_WARN_INFINITE_RECURSION = YES;
				CLANG_WARN_INT_CONVERSION = YES;
				CLANG_WARN_NON_LITERAL_NULL_CONVERSION = YES;
				CLANG_WARN_OBJC_IMPLICIT_RETAIN_SELF = YES;
				CLANG_WARN_OBJC_LITERAL_CONVERSION = YES;
				CLANG_WARN_OBJC_ROOT_CLASS = YES_ERROR;
				CLANG_WARN_QUOTED_INCLUDE_IN_FRAMEWORK_HEADER = YES;
				CLANG_WARN_RANGE_LOOP_ANALYSIS = YES;
				CLANG_WARN_STRICT_PROTOTYPES = YES;
				CLANG_WARN_SUSPICIOUS_MOVE = YES;
				CLANG_WARN_UNGUARDED_AVAILABILITY = YES_AGGRESSIVE;
				CLANG_WARN_UNREACHABLE_CODE = YES;
				CLANG_WARN__DUPLICATE_METHOD_MATCH = YES;
				COPY_PHASE_STRIP = NO;
				DEBUG_INFORMATION_FORMAT = "dwarf-with-dsym";
				ENABLE_NS_ASSERTIONS = NO;
				ENABLE_STRICT_OBJC_MSGSEND = YES;
				ENABLE_USER_SCRIPT_SANDBOXING = YES;
				GCC_C_LANGUAGE_STANDARD = gnu11;
				GCC_NO_COMMON_BLOCKS = YES;
				GCC_WARN_64_TO_32_BIT_CONVERSION = YES;
				GCC_WARN_ABOUT_RETURN_TYPE = YES_ERROR;
				GCC_WARN_UNDECLARED_SELECTOR = YES;
				GCC_WARN_UNINITIALIZED_AUTOS = YES_AGGRESSIVE;
				GCC_WARN_UNUSED_FUNCTION = YES;
				GCC_WARN_UNUSED_VARIABLE = YES;
				IPHONEOS_DEPLOYMENT_TARGET = 16.4;
				MTL_ENABLE_DEBUG_INFO = NO;
				MTL_FAST_MATH = YES;
				SDKROOT = iphoneos;
				SWIFT_COMPILATION_MODE = wholemodule;
				SWIFT_OPTIMIZATION_LEVEL = "-O";
				VALIDATE_PRODUCT = YES;
			};
			name = Release;
		};
		27077BCC2AAE49DA0024F035 /* Debug */ = {
			isa = XCBuildConfiguration;
			buildSettings = {
				ASSETCATALOG_COMPILER_APPICON_NAME = AppIcon;
				ASSETCATALOG_COMPILER_GLOBAL_ACCENT_COLOR_NAME = AccentColor;
				ASSETCATALOG_COMPILER_INCLUDE_ALL_APPICON_ASSETS = NO;
				CODE_SIGN_ENTITLEMENTS = WorkoutTracker/WorkoutTracker.entitlements;
				CODE_SIGN_STYLE = Automatic;
				CURRENT_PROJECT_VERSION = 10;
				DEVELOPMENT_ASSET_PATHS = "\"WorkoutTracker/Preview Content\"";
				DEVELOPMENT_TEAM = CZYTFZAZMX;
				ENABLE_PREVIEWS = YES;
				GENERATE_INFOPLIST_FILE = YES;
				INFOPLIST_FILE = WorkoutTracker/Info.plist;
				INFOPLIST_KEY_CFBundleDisplayName = LiftTracker;
				INFOPLIST_KEY_LSApplicationCategoryType = "public.app-category.healthcare-fitness";
				INFOPLIST_KEY_UIApplicationSceneManifest_Generation = YES;
				INFOPLIST_KEY_UIApplicationSupportsIndirectInputEvents = YES;
				INFOPLIST_KEY_UILaunchScreen_Generation = YES;
				INFOPLIST_KEY_UILaunchStoryboardName = LaunchScreen.storyboard;
				INFOPLIST_KEY_UISupportedInterfaceOrientations = "UIInterfaceOrientationLandscapeLeft UIInterfaceOrientationLandscapeRight UIInterfaceOrientationPortrait UIInterfaceOrientationPortraitUpsideDown";
				IPHONEOS_DEPLOYMENT_TARGET = 16.0;
				LD_RUNPATH_SEARCH_PATHS = (
					"$(inherited)",
					"@executable_path/Frameworks",
				);
				MARKETING_VERSION = 1.0;
				PRODUCT_BUNDLE_IDENTIFIER = com.madelainejones.WorkoutTracker;
				PRODUCT_NAME = "$(TARGET_NAME)";
				SUPPORTED_PLATFORMS = "iphoneos iphonesimulator";
				SUPPORTS_MACCATALYST = NO;
				SUPPORTS_MAC_DESIGNED_FOR_IPHONE_IPAD = YES;
				SWIFT_EMIT_LOC_STRINGS = YES;
				SWIFT_VERSION = 5.0;
				TARGETED_DEVICE_FAMILY = "1,2";
			};
			name = Debug;
		};
		27077BCD2AAE49DA0024F035 /* Release */ = {
			isa = XCBuildConfiguration;
			buildSettings = {
				ASSETCATALOG_COMPILER_APPICON_NAME = AppIcon;
				ASSETCATALOG_COMPILER_GLOBAL_ACCENT_COLOR_NAME = AccentColor;
				ASSETCATALOG_COMPILER_INCLUDE_ALL_APPICON_ASSETS = NO;
				CODE_SIGN_ENTITLEMENTS = WorkoutTracker/WorkoutTracker.entitlements;
				CODE_SIGN_STYLE = Automatic;
				CURRENT_PROJECT_VERSION = 10;
				DEVELOPMENT_ASSET_PATHS = "\"WorkoutTracker/Preview Content\"";
				DEVELOPMENT_TEAM = CZYTFZAZMX;
				ENABLE_PREVIEWS = YES;
				GENERATE_INFOPLIST_FILE = YES;
				INFOPLIST_FILE = WorkoutTracker/Info.plist;
				INFOPLIST_KEY_CFBundleDisplayName = LiftTracker;
				INFOPLIST_KEY_LSApplicationCategoryType = "public.app-category.healthcare-fitness";
				INFOPLIST_KEY_UIApplicationSceneManifest_Generation = YES;
				INFOPLIST_KEY_UIApplicationSupportsIndirectInputEvents = YES;
				INFOPLIST_KEY_UILaunchScreen_Generation = YES;
				INFOPLIST_KEY_UILaunchStoryboardName = LaunchScreen.storyboard;
				INFOPLIST_KEY_UISupportedInterfaceOrientations = "UIInterfaceOrientationLandscapeLeft UIInterfaceOrientationLandscapeRight UIInterfaceOrientationPortrait UIInterfaceOrientationPortraitUpsideDown";
				IPHONEOS_DEPLOYMENT_TARGET = 16.0;
				LD_RUNPATH_SEARCH_PATHS = (
					"$(inherited)",
					"@executable_path/Frameworks",
				);
				MARKETING_VERSION = 1.0;
				PRODUCT_BUNDLE_IDENTIFIER = com.madelainejones.WorkoutTracker;
				PRODUCT_NAME = "$(TARGET_NAME)";
				SUPPORTED_PLATFORMS = "iphoneos iphonesimulator";
				SUPPORTS_MACCATALYST = NO;
				SUPPORTS_MAC_DESIGNED_FOR_IPHONE_IPAD = YES;
				SWIFT_EMIT_LOC_STRINGS = YES;
				SWIFT_VERSION = 5.0;
				TARGETED_DEVICE_FAMILY = "1,2";
			};
			name = Release;
		};
		27077BCF2AAE49DA0024F035 /* Debug */ = {
			isa = XCBuildConfiguration;
			buildSettings = {
				ALWAYS_EMBED_SWIFT_STANDARD_LIBRARIES = YES;
				BUNDLE_LOADER = "$(TEST_HOST)";
				CODE_SIGN_STYLE = Automatic;
				CURRENT_PROJECT_VERSION = 1;
				DEVELOPMENT_TEAM = CZYTFZAZMX;
				GENERATE_INFOPLIST_FILE = YES;
				IPHONEOS_DEPLOYMENT_TARGET = 16.4;
				MARKETING_VERSION = 1.0;
				PRODUCT_BUNDLE_IDENTIFIER = com.madelainejones.WorkoutTrackerTests;
				PRODUCT_NAME = "$(TARGET_NAME)";
				SWIFT_EMIT_LOC_STRINGS = NO;
				SWIFT_VERSION = 5.0;
				TARGETED_DEVICE_FAMILY = "1,2";
				TEST_HOST = "$(BUILT_PRODUCTS_DIR)/WorkoutTracker.app/$(BUNDLE_EXECUTABLE_FOLDER_PATH)/WorkoutTracker";
			};
			name = Debug;
		};
		27077BD02AAE49DA0024F035 /* Release */ = {
			isa = XCBuildConfiguration;
			buildSettings = {
				ALWAYS_EMBED_SWIFT_STANDARD_LIBRARIES = YES;
				BUNDLE_LOADER = "$(TEST_HOST)";
				CODE_SIGN_STYLE = Automatic;
				CURRENT_PROJECT_VERSION = 1;
				DEVELOPMENT_TEAM = CZYTFZAZMX;
				GENERATE_INFOPLIST_FILE = YES;
				IPHONEOS_DEPLOYMENT_TARGET = 16.4;
				MARKETING_VERSION = 1.0;
				PRODUCT_BUNDLE_IDENTIFIER = com.madelainejones.WorkoutTrackerTests;
				PRODUCT_NAME = "$(TARGET_NAME)";
				SWIFT_EMIT_LOC_STRINGS = NO;
				SWIFT_VERSION = 5.0;
				TARGETED_DEVICE_FAMILY = "1,2";
				TEST_HOST = "$(BUILT_PRODUCTS_DIR)/WorkoutTracker.app/$(BUNDLE_EXECUTABLE_FOLDER_PATH)/WorkoutTracker";
			};
			name = Release;
		};
/* End XCBuildConfiguration section */

/* Begin XCConfigurationList section */
		27077B9C2AAE49D90024F035 /* Build configuration list for PBXProject "WorkoutTracker" */ = {
			isa = XCConfigurationList;
			buildConfigurations = (
				27077BC92AAE49DA0024F035 /* Debug */,
				27077BCA2AAE49DA0024F035 /* Release */,
			);
			defaultConfigurationIsVisible = 0;
			defaultConfigurationName = Release;
		};
		27077BCB2AAE49DA0024F035 /* Build configuration list for PBXNativeTarget "WorkoutTracker" */ = {
			isa = XCConfigurationList;
			buildConfigurations = (
				27077BCC2AAE49DA0024F035 /* Debug */,
				27077BCD2AAE49DA0024F035 /* Release */,
			);
			defaultConfigurationIsVisible = 0;
			defaultConfigurationName = Release;
		};
		27077BCE2AAE49DA0024F035 /* Build configuration list for PBXNativeTarget "WorkoutTrackerTests" */ = {
			isa = XCConfigurationList;
			buildConfigurations = (
				27077BCF2AAE49DA0024F035 /* Debug */,
				27077BD02AAE49DA0024F035 /* Release */,
			);
			defaultConfigurationIsVisible = 0;
			defaultConfigurationName = Release;
		};
/* End XCConfigurationList section */

/* Begin XCVersionGroup section */
		27077BAF2AAE49DA0024F035 /* WorkoutTracker.xcdatamodeld */ = {
			isa = XCVersionGroup;
			children = (
				27077BB02AAE49DA0024F035 /* WorkoutTracker.xcdatamodel */,
			);
			currentVersion = 27077BB02AAE49DA0024F035 /* WorkoutTracker.xcdatamodel */;
			path = WorkoutTracker.xcdatamodeld;
			sourceTree = "<group>";
			versionGroupType = wrapper.xcdatamodel;
		};
/* End XCVersionGroup section */
	};
	rootObject = 27077B992AAE49D90024F035 /* Project object */;
}
